// !$*UTF8*$!
{
	archiveVersion = 1;
	classes = {
	};
	objectVersion = 56;
	objects = {

/* Begin PBXBuildFile section */
		B47EE03D2A5B25F7000096DB /* IOSAssignment5App.swift in Sources */ = {isa = PBXBuildFile; fileRef = B47EE03C2A5B25F7000096DB /* IOSAssignment5App.swift */; };
		B47EE03F2A5B25F7000096DB /* ContentView.swift in Sources */ = {isa = PBXBuildFile; fileRef = B47EE03E2A5B25F7000096DB /* ContentView.swift */; };
		B47EE0412A5B25F7000096DB /* Assets.xcassets in Resources */ = {isa = PBXBuildFile; fileRef = B47EE0402A5B25F7000096DB /* Assets.xcassets */; };
		B47EE0442A5B25F7000096DB /* Preview Assets.xcassets in Resources */ = {isa = PBXBuildFile; fileRef = B47EE0432A5B25F7000096DB /* Preview Assets.xcassets */; };
		B47EE04E2A5B25F7000096DB /* IOSAssignment5Tests.swift in Sources */ = {isa = PBXBuildFile; fileRef = B47EE04D2A5B25F7000096DB /* IOSAssignment5Tests.swift */; };
		B47EE0582A5B25F7000096DB /* IOSAssignment5UITests.swift in Sources */ = {isa = PBXBuildFile; fileRef = B47EE0572A5B25F7000096DB /* IOSAssignment5UITests.swift */; };
		B47EE05A2A5B25F7000096DB /* IOSAssignment5UITestsLaunchTests.swift in Sources */ = {isa = PBXBuildFile; fileRef = B47EE0592A5B25F7000096DB /* IOSAssignment5UITestsLaunchTests.swift */; };
		B47EE0672A5B2606000096DB /* CharacterModel.swift in Sources */ = {isa = PBXBuildFile; fileRef = B47EE0662A5B2606000096DB /* CharacterModel.swift */; };
		B47EE0732A5B2DD4000096DB /* CharacterNetworkModel.swift in Sources */ = {isa = PBXBuildFile; fileRef = B47EE0722A5B2DD4000096DB /* CharacterNetworkModel.swift */; };
		B47EE0752A5B2DFB000096DB /* CharacterDetailView.swift in Sources */ = {isa = PBXBuildFile; fileRef = B47EE0742A5B2DFB000096DB /* CharacterDetailView.swift */; };
		B47EE0772A5B2E20000096DB /* netError.swift in Sources */ = {isa = PBXBuildFile; fileRef = B47EE0762A5B2E20000096DB /* netError.swift */; };
		B47EE0792A5B2E3C000096DB /* NetworkManager.swift in Sources */ = {isa = PBXBuildFile; fileRef = B47EE0782A5B2E3C000096DB /* NetworkManager.swift */; };
/* End PBXBuildFile section */

/* Begin PBXContainerItemProxy section */
		B47EE04A2A5B25F7000096DB /* PBXContainerItemProxy */ = {
			isa = PBXContainerItemProxy;
			containerPortal = B47EE0312A5B25F7000096DB /* Project object */;
			proxyType = 1;
			remoteGlobalIDString = B47EE0382A5B25F7000096DB;
			remoteInfo = IOSAssignment5;
		};
		B47EE0542A5B25F7000096DB /* PBXContainerItemProxy */ = {
			isa = PBXContainerItemProxy;
			containerPortal = B47EE0312A5B25F7000096DB /* Project object */;
			proxyType = 1;
			remoteGlobalIDString = B47EE0382A5B25F7000096DB;
			remoteInfo = IOSAssignment5;
		};
/* End PBXContainerItemProxy section */

/* Begin PBXFileReference section */
		B47EE0392A5B25F7000096DB /* IOSAssignment5.app */ = {isa = PBXFileReference; explicitFileType = wrapper.application; includeInIndex = 0; path = IOSAssignment5.app; sourceTree = BUILT_PRODUCTS_DIR; };
		B47EE03C2A5B25F7000096DB /* IOSAssignment5App.swift */ = {isa = PBXFileReference; lastKnownFileType = sourcecode.swift; path = IOSAssignment5App.swift; sourceTree = "<group>"; };
		B47EE03E2A5B25F7000096DB /* ContentView.swift */ = {isa = PBXFileReference; lastKnownFileType = sourcecode.swift; path = ContentView.swift; sourceTree = "<group>"; };
		B47EE0402A5B25F7000096DB /* Assets.xcassets */ = {isa = PBXFileReference; lastKnownFileType = folder.assetcatalog; path = Assets.xcassets; sourceTree = "<group>"; };
		B47EE0432A5B25F7000096DB /* Preview Assets.xcassets */ = {isa = PBXFileReference; lastKnownFileType = folder.assetcatalog; path = "Preview Assets.xcassets"; sourceTree = "<group>"; };
		B47EE0492A5B25F7000096DB /* IOSAssignment5Tests.xctest */ = {isa = PBXFileReference; explicitFileType = wrapper.cfbundle; includeInIndex = 0; path = IOSAssignment5Tests.xctest; sourceTree = BUILT_PRODUCTS_DIR; };
		B47EE04D2A5B25F7000096DB /* IOSAssignment5Tests.swift */ = {isa = PBXFileReference; lastKnownFileType = sourcecode.swift; path = IOSAssignment5Tests.swift; sourceTree = "<group>"; };
		B47EE0532A5B25F7000096DB /* IOSAssignment5UITests.xctest */ = {isa = PBXFileReference; explicitFileType = wrapper.cfbundle; includeInIndex = 0; path = IOSAssignment5UITests.xctest; sourceTree = BUILT_PRODUCTS_DIR; };
		B47EE0572A5B25F7000096DB /* IOSAssignment5UITests.swift */ = {isa = PBXFileReference; lastKnownFileType = sourcecode.swift; path = IOSAssignment5UITests.swift; sourceTree = "<group>"; };
		B47EE0592A5B25F7000096DB /* IOSAssignment5UITestsLaunchTests.swift */ = {isa = PBXFileReference; lastKnownFileType = sourcecode.swift; path = IOSAssignment5UITestsLaunchTests.swift; sourceTree = "<group>"; };
		B47EE0662A5B2606000096DB /* CharacterModel.swift */ = {isa = PBXFileReference; lastKnownFileType = sourcecode.swift; path = CharacterModel.swift; sourceTree = "<group>"; };
		B47EE0722A5B2DD4000096DB /* CharacterNetworkModel.swift */ = {isa = PBXFileReference; lastKnownFileType = sourcecode.swift; path = CharacterNetworkModel.swift; sourceTree = "<group>"; };
		B47EE0742A5B2DFB000096DB /* CharacterDetailView.swift */ = {isa = PBXFileReference; lastKnownFileType = sourcecode.swift; path = CharacterDetailView.swift; sourceTree = "<group>"; };
		B47EE0762A5B2E20000096DB /* netError.swift */ = {isa = PBXFileReference; lastKnownFileType = sourcecode.swift; path = netError.swift; sourceTree = "<group>"; };
		B47EE0782A5B2E3C000096DB /* NetworkManager.swift */ = {isa = PBXFileReference; lastKnownFileType = sourcecode.swift; path = NetworkManager.swift; sourceTree = "<group>"; };
/* End PBXFileReference section */

/* Begin PBXFrameworksBuildPhase section */
		B47EE0362A5B25F7000096DB /* Frameworks */ = {
			isa = PBXFrameworksBuildPhase;
			buildActionMask = 2147483647;
			files = (
			);
			runOnlyForDeploymentPostprocessing = 0;
		};
		B47EE0462A5B25F7000096DB /* Frameworks */ = {
			isa = PBXFrameworksBuildPhase;
			buildActionMask = 2147483647;
			files = (
			);
			runOnlyForDeploymentPostprocessing = 0;
		};
		B47EE0502A5B25F7000096DB /* Frameworks */ = {
			isa = PBXFrameworksBuildPhase;
			buildActionMask = 2147483647;
			files = (
			);
			runOnlyForDeploymentPostprocessing = 0;
		};
/* End PBXFrameworksBuildPhase section */

/* Begin PBXGroup section */
		B47EE0302A5B25F7000096DB = {
			isa = PBXGroup;
			children = (
				B47EE03B2A5B25F7000096DB /* IOSAssignment5 */,
				B47EE04C2A5B25F7000096DB /* IOSAssignment5Tests */,
				B47EE0562A5B25F7000096DB /* IOSAssignment5UITests */,
				B47EE03A2A5B25F7000096DB /* Products */,
			);
			sourceTree = "<group>";
		};
		B47EE03A2A5B25F7000096DB /* Products */ = {
			isa = PBXGroup;
			children = (
				B47EE0392A5B25F7000096DB /* IOSAssignment5.app */,
				B47EE0492A5B25F7000096DB /* IOSAssignment5Tests.xctest */,
				B47EE0532A5B25F7000096DB /* IOSAssignment5UITests.xctest */,
			);
			name = Products;
			sourceTree = "<group>";
		};
		B47EE03B2A5B25F7000096DB /* IOSAssignment5 */ = {
			isa = PBXGroup;
			children = (
				B47EE03C2A5B25F7000096DB /* IOSAssignment5App.swift */,
				B47EE03E2A5B25F7000096DB /* ContentView.swift */,
				B47EE0662A5B2606000096DB /* CharacterModel.swift */,
				B47EE0722A5B2DD4000096DB /* CharacterNetworkModel.swift */,
				B47EE0742A5B2DFB000096DB /* CharacterDetailView.swift */,
				B47EE0402A5B25F7000096DB /* Assets.xcassets */,
				B47EE0762A5B2E20000096DB /* netError.swift */,
				B47EE0782A5B2E3C000096DB /* NetworkManager.swift */,
				B47EE0422A5B25F7000096DB /* Preview Content */,
			);
			path = IOSAssignment5;
			sourceTree = "<group>";
		};
		B47EE0422A5B25F7000096DB /* Preview Content */ = {
			isa = PBXGroup;
			children = (
				B47EE0432A5B25F7000096DB /* Preview Assets.xcassets */,
			);
			path = "Preview Content";
			sourceTree = "<group>";
		};
		B47EE04C2A5B25F7000096DB /* IOSAssignment5Tests */ = {
			isa = PBXGroup;
			children = (
				B47EE04D2A5B25F7000096DB /* IOSAssignment5Tests.swift */,
			);
			path = IOSAssignment5Tests;
			sourceTree = "<group>";
		};
		B47EE0562A5B25F7000096DB /* IOSAssignment5UITests */ = {
			isa = PBXGroup;
			children = (
				B47EE0572A5B25F7000096DB /* IOSAssignment5UITests.swift */,
				B47EE0592A5B25F7000096DB /* IOSAssignment5UITestsLaunchTests.swift */,
			);
			path = IOSAssignment5UITests;
			sourceTree = "<group>";
		};
/* End PBXGroup section */

/* Begin PBXNativeTarget section */
		B47EE0382A5B25F7000096DB /* IOSAssignment5 */ = {
			isa = PBXNativeTarget;
			buildConfigurationList = B47EE05D2A5B25F7000096DB /* Build configuration list for PBXNativeTarget "IOSAssignment5" */;
			buildPhases = (
				B47EE0352A5B25F7000096DB /* Sources */,
				B47EE0362A5B25F7000096DB /* Frameworks */,
				B47EE0372A5B25F7000096DB /* Resources */,
			);
			buildRules = (
			);
			dependencies = (
			);
			name = IOSAssignment5;
			productName = IOSAssignment5;
			productReference = B47EE0392A5B25F7000096DB /* IOSAssignment5.app */;
			productType = "com.apple.product-type.application";
		};
		B47EE0482A5B25F7000096DB /* IOSAssignment5Tests */ = {
			isa = PBXNativeTarget;
			buildConfigurationList = B47EE0602A5B25F7000096DB /* Build configuration list for PBXNativeTarget "IOSAssignment5Tests" */;
			buildPhases = (
				B47EE0452A5B25F7000096DB /* Sources */,
				B47EE0462A5B25F7000096DB /* Frameworks */,
				B47EE0472A5B25F7000096DB /* Resources */,
			);
			buildRules = (
			);
			dependencies = (
				B47EE04B2A5B25F7000096DB /* PBXTargetDependency */,
			);
			name = IOSAssignment5Tests;
			productName = IOSAssignment5Tests;
			productReference = B47EE0492A5B25F7000096DB /* IOSAssignment5Tests.xctest */;
			productType = "com.apple.product-type.bundle.unit-test";
		};
		B47EE0522A5B25F7000096DB /* IOSAssignment5UITests */ = {
			isa = PBXNativeTarget;
			buildConfigurationList = B47EE0632A5B25F7000096DB /* Build configuration list for PBXNativeTarget "IOSAssignment5UITests" */;
			buildPhases = (
				B47EE04F2A5B25F7000096DB /* Sources */,
				B47EE0502A5B25F7000096DB /* Frameworks */,
				B47EE0512A5B25F7000096DB /* Resources */,
			);
			buildRules = (
			);
			dependencies = (
				B47EE0552A5B25F7000096DB /* PBXTargetDependency */,
			);
			name = IOSAssignment5UITests;
			productName = IOSAssignment5UITests;
			productReference = B47EE0532A5B25F7000096DB /* IOSAssignment5UITests.xctest */;
			productType = "com.apple.product-type.bundle.ui-testing";
		};
/* End PBXNativeTarget section */

/* Begin PBXProject section */
		B47EE0312A5B25F7000096DB /* Project object */ = {
			isa = PBXProject;
			attributes = {
				BuildIndependentTargetsInParallel = 1;
				LastSwiftUpdateCheck = 1420;
				LastUpgradeCheck = 1420;
				TargetAttributes = {
					B47EE0382A5B25F7000096DB = {
						CreatedOnToolsVersion = 14.2;
					};
					B47EE0482A5B25F7000096DB = {
						CreatedOnToolsVersion = 14.2;
						TestTargetID = B47EE0382A5B25F7000096DB;
					};
					B47EE0522A5B25F7000096DB = {
						CreatedOnToolsVersion = 14.2;
						TestTargetID = B47EE0382A5B25F7000096DB;
					};
				};
			};
			buildConfigurationList = B47EE0342A5B25F7000096DB /* Build configuration list for PBXProject "IOSAssignment5" */;
			compatibilityVersion = "Xcode 14.0";
			developmentRegion = en;
			hasScannedForEncodings = 0;
			knownRegions = (
				en,
				Base,
			);
			mainGroup = B47EE0302A5B25F7000096DB;
			productRefGroup = B47EE03A2A5B25F7000096DB /* Products */;
			projectDirPath = "";
			projectRoot = "";
			targets = (
				B47EE0382A5B25F7000096DB /* IOSAssignment5 */,
				B47EE0482A5B25F7000096DB /* IOSAssignment5Tests */,
				B47EE0522A5B25F7000096DB /* IOSAssignment5UITests */,
			);
		};
/* End PBXProject section */

/* Begin PBXResourcesBuildPhase section */
		B47EE0372A5B25F7000096DB /* Resources */ = {
			isa = PBXResourcesBuildPhase;
			buildActionMask = 2147483647;
			files = (
				B47EE0442A5B25F7000096DB /* Preview Assets.xcassets in Resources */,
				B47EE0412A5B25F7000096DB /* Assets.xcassets in Resources */,
			);
			runOnlyForDeploymentPostprocessing = 0;
		};
		B47EE0472A5B25F7000096DB /* Resources */ = {
			isa = PBXResourcesBuildPhase;
			buildActionMask = 2147483647;
			files = (
			);
			runOnlyForDeploymentPostprocessing = 0;
		};
		B47EE0512A5B25F7000096DB /* Resources */ = {
			isa = PBXResourcesBuildPhase;
			buildActionMask = 2147483647;
			files = (
			);
			runOnlyForDeploymentPostprocessing = 0;
		};
/* End PBXResourcesBuildPhase section */

/* Begin PBXSourcesBuildPhase section */
		B47EE0352A5B25F7000096DB /* Sources */ = {
			isa = PBXSourcesBuildPhase;
			buildActionMask = 2147483647;
			files = (
				B47EE0752A5B2DFB000096DB /* CharacterDetailView.swift in Sources */,
				B47EE0672A5B2606000096DB /* CharacterModel.swift in Sources */,
				B47EE0772A5B2E20000096DB /* netError.swift in Sources */,
				B47EE0792A5B2E3C000096DB /* NetworkManager.swift in Sources */,
				B47EE03F2A5B25F7000096DB /* ContentView.swift in Sources */,
				B47EE0732A5B2DD4000096DB /* CharacterNetworkModel.swift in Sources */,
				B47EE03D2A5B25F7000096DB /* IOSAssignment5App.swift in Sources */,
			);
			runOnlyForDeploymentPostprocessing = 0;
		};
		B47EE0452A5B25F7000096DB /* Sources */ = {
			isa = PBXSourcesBuildPhase;
			buildActionMask = 2147483647;
			files = (
				B47EE04E2A5B25F7000096DB /* IOSAssignment5Tests.swift in Sources */,
			);
			runOnlyForDeploymentPostprocessing = 0;
		};
		B47EE04F2A5B25F7000096DB /* Sources */ = {
			isa = PBXSourcesBuildPhase;
			buildActionMask = 2147483647;
			files = (
				B47EE0582A5B25F7000096DB /* IOSAssignment5UITests.swift in Sources */,
				B47EE05A2A5B25F7000096DB /* IOSAssignment5UITestsLaunchTests.swift in Sources */,
			);
			runOnlyForDeploymentPostprocessing = 0;
		};
/* End PBXSourcesBuildPhase section */

/* Begin PBXTargetDependency section */
		B47EE04B2A5B25F7000096DB /* PBXTargetDependency */ = {
			isa = PBXTargetDependency;
			target = B47EE0382A5B25F7000096DB /* IOSAssignment5 */;
			targetProxy = B47EE04A2A5B25F7000096DB /* PBXContainerItemProxy */;
		};
		B47EE0552A5B25F7000096DB /* PBXTargetDependency */ = {
			isa = PBXTargetDependency;
			target = B47EE0382A5B25F7000096DB /* IOSAssignment5 */;
			targetProxy = B47EE0542A5B25F7000096DB /* PBXContainerItemProxy */;
		};
/* End PBXTargetDependency section */

/* Begin XCBuildConfiguration section */
		B47EE05B2A5B25F7000096DB /* Debug */ = {
			isa = XCBuildConfiguration;
			buildSettings = {
				ALWAYS_SEARCH_USER_PATHS = NO;
				CLANG_ANALYZER_NONNULL = YES;
				CLANG_ANALYZER_NUMBER_OBJECT_CONVERSION = YES_AGGRESSIVE;
				CLANG_CXX_LANGUAGE_STANDARD = "gnu++20";
				CLANG_ENABLE_MODULES = YES;
				CLANG_ENABLE_OBJC_ARC = YES;
				CLANG_ENABLE_OBJC_WEAK = YES;
				CLANG_WARN_BLOCK_CAPTURE_AUTORELEASING = YES;
				CLANG_WARN_BOOL_CONVERSION = YES;
				CLANG_WARN_COMMA = YES;
				CLANG_WARN_CONSTANT_CONVERSION = YES;
				CLANG_WARN_DEPRECATED_OBJC_IMPLEMENTATIONS = YES;
				CLANG_WARN_DIRECT_OBJC_ISA_USAGE = YES_ERROR;
				CLANG_WARN_DOCUMENTATION_COMMENTS = YES;
				CLANG_WARN_EMPTY_BODY = YES;
				CLANG_WARN_ENUM_CONVERSION = YES;
				CLANG_WARN_INFINITE_RECURSION = YES;
				CLANG_WARN_INT_CONVERSION = YES;
				CLANG_WARN_NON_LITERAL_NULL_CONVERSION = YES;
				CLANG_WARN_OBJC_IMPLICIT_RETAIN_SELF = YES;
				CLANG_WARN_OBJC_LITERAL_CONVERSION = YES;
				CLANG_WARN_OBJC_ROOT_CLASS = YES_ERROR;
				CLANG_WARN_QUOTED_INCLUDE_IN_FRAMEWORK_HEADER = YES;
				CLANG_WARN_RANGE_LOOP_ANALYSIS = YES;
				CLANG_WARN_STRICT_PROTOTYPES = YES;
				CLANG_WARN_SUSPICIOUS_MOVE = YES;
				CLANG_WARN_UNGUARDED_AVAILABILITY = YES_AGGRESSIVE;
				CLANG_WARN_UNREACHABLE_CODE = YES;
				CLANG_WARN__DUPLICATE_METHOD_MATCH = YES;
				COPY_PHASE_STRIP = NO;
				DEBUG_INFORMATION_FORMAT = dwarf;
				ENABLE_STRICT_OBJC_MSGSEND = YES;
				ENABLE_TESTABILITY = YES;
				GCC_C_LANGUAGE_STANDARD = gnu11;
				GCC_DYNAMIC_NO_PIC = NO;
				GCC_NO_COMMON_BLOCKS = YES;
				GCC_OPTIMIZATION_LEVEL = 0;
				GCC_PREPROCESSOR_DEFINITIONS = (
					"DEBUG=1",
					"$(inherited)",
				);
				GCC_WARN_64_TO_32_BIT_CONVERSION = YES;
				GCC_WARN_ABOUT_RETURN_TYPE = YES_ERROR;
				GCC_WARN_UNDECLARED_SELECTOR = YES;
				GCC_WARN_UNINITIALIZED_AUTOS = YES_AGGRESSIVE;
				GCC_WARN_UNUSED_FUNCTION = YES;
				GCC_WARN_UNUSED_VARIABLE = YES;
				IPHONEOS_DEPLOYMENT_TARGET = 16.2;
				MTL_ENABLE_DEBUG_INFO = INCLUDE_SOURCE;
				MTL_FAST_MATH = YES;
				ONLY_ACTIVE_ARCH = YES;
				SDKROOT = iphoneos;
				SWIFT_ACTIVE_COMPILATION_CONDITIONS = DEBUG;
				SWIFT_OPTIMIZATION_LEVEL = "-Onone";
			};
			name = Debug;
		};
		B47EE05C2A5B25F7000096DB /* Release */ = {
			isa = XCBuildConfiguration;
			buildSettings = {
				ALWAYS_SEARCH_USER_PATHS = NO;
				CLANG_ANALYZER_NONNULL = YES;
				CLANG_ANALYZER_NUMBER_OBJECT_CONVERSION = YES_AGGRESSIVE;
				CLANG_CXX_LANGUAGE_STANDARD = "gnu++20";
				CLANG_ENABLE_MODULES = YES;
				CLANG_ENABLE_OBJC_ARC = YES;
				CLANG_ENABLE_OBJC_WEAK = YES;
				CLANG_WARN_BLOCK_CAPTURE_AUTORELEASING = YES;
				CLANG_WARN_BOOL_CONVERSION = YES;
				CLANG_WARN_COMMA = YES;
				CLANG_WARN_CONSTANT_CONVERSION = YES;
				CLANG_WARN_DEPRECATED_OBJC_IMPLEMENTATIONS = YES;
				CLANG_WARN_DIRECT_OBJC_ISA_USAGE = YES_ERROR;
				CLANG_WARN_DOCUMENTATION_COMMENTS = YES;
				CLANG_WARN_EMPTY_BODY = YES;
				CLANG_WARN_ENUM_CONVERSION = YES;
				CLANG_WARN_INFINITE_RECURSION = YES;
				CLANG_WARN_INT_CONVERSION = YES;
				CLANG_WARN_NON_LITERAL_NULL_CONVERSION = YES;
				CLANG_WARN_OBJC_IMPLICIT_RETAIN_SELF = YES;
				CLANG_WARN_OBJC_LITERAL_CONVERSION = YES;
				CLANG_WARN_OBJC_ROOT_CLASS = YES_ERROR;
				CLANG_WARN_QUOTED_INCLUDE_IN_FRAMEWORK_HEADER = YES;
				CLANG_WARN_RANGE_LOOP_ANALYSIS = YES;
				CLANG_WARN_STRICT_PROTOTYPES = YES;
				CLANG_WARN_SUSPICIOUS_MOVE = YES;
				CLANG_WARN_UNGUARDED_AVAILABILITY = YES_AGGRESSIVE;
				CLANG_WARN_UNREACHABLE_CODE = YES;
				CLANG_WARN__DUPLICATE_METHOD_MATCH = YES;
				COPY_PHASE_STRIP = NO;
				DEBUG_INFORMATION_FORMAT = "dwarf-with-dsym";
				ENABLE_NS_ASSERTIONS = NO;
				ENABLE_STRICT_OBJC_MSGSEND = YES;
				GCC_C_LANGUAGE_STANDARD = gnu11;
				GCC_NO_COMMON_BLOCKS = YES;
				GCC_WARN_64_TO_32_BIT_CONVERSION = YES;
				GCC_WARN_ABOUT_RETURN_TYPE = YES_ERROR;
				GCC_WARN_UNDECLARED_SELECTOR = YES;
				GCC_WARN_UNINITIALIZED_AUTOS = YES_AGGRESSIVE;
				GCC_WARN_UNUSED_FUNCTION = YES;
				GCC_WARN_UNUSED_VARIABLE = YES;
				IPHONEOS_DEPLOYMENT_TARGET = 16.2;
				MTL_ENABLE_DEBUG_INFO = NO;
				MTL_FAST_MATH = YES;
				SDKROOT = iphoneos;
				SWIFT_COMPILATION_MODE = wholemodule;
				SWIFT_OPTIMIZATION_LEVEL = "-O";
				VALIDATE_PRODUCT = YES;
			};
			name = Release;
		};
		B47EE05E2A5B25F7000096DB /* Debug */ = {
			isa = XCBuildConfiguration;
			buildSettings = {
				ASSETCATALOG_COMPILER_APPICON_NAME = AppIcon;
				ASSETCATALOG_COMPILER_GLOBAL_ACCENT_COLOR_NAME = AccentColor;
				CODE_SIGN_STYLE = Automatic;
				CURRENT_PROJECT_VERSION = 1;
				DEVELOPMENT_ASSET_PATHS = "\"IOSAssignment5/Preview Content\"";
				DEVELOPMENT_TEAM = 5ML8R56F8J;
				ENABLE_PREVIEWS = YES;
				GENERATE_INFOPLIST_FILE = YES;
				INFOPLIST_KEY_UIApplicationSceneManifest_Generation = YES;
				INFOPLIST_KEY_UIApplicationSupportsIndirectInputEvents = YES;
				INFOPLIST_KEY_UILaunchScreen_Generation = YES;
				INFOPLIST_KEY_UISupportedInterfaceOrientations_iPad = "UIInterfaceOrientationPortrait UIInterfaceOrientationPortraitUpsideDown UIInterfaceOrientationLandscapeLeft UIInterfaceOrientationLandscapeRight";
				INFOPLIST_KEY_UISupportedInterfaceOrientations_iPhone = "UIInterfaceOrientationPortrait UIInterfaceOrientationLandscapeLeft UIInterfaceOrientationLandscapeRight";
				LD_RUNPATH_SEARCH_PATHS = (
					"$(inherited)",
					"@executable_path/Frameworks",
				);
				MARKETING_VERSION = 1.0;
				PRODUCT_BUNDLE_IDENTIFIER = master.IOSAssignment5;
				PRODUCT_NAME = "$(TARGET_NAME)";
				SWIFT_EMIT_LOC_STRINGS = YES;
				SWIFT_VERSION = 5.0;
				TARGETED_DEVICE_FAMILY = "1,2";
			};
			name = Debug;
		};
		B47EE05F2A5B25F7000096DB /* Release */ = {
			isa = XCBuildConfiguration;
			buildSettings = {
				ASSETCATALOG_COMPILER_APPICON_NAME = AppIcon;
				ASSETCATALOG_COMPILER_GLOBAL_ACCENT_COLOR_NAME = AccentColor;
				CODE_SIGN_STYLE = Automatic;
				CURRENT_PROJECT_VERSION = 1;
				DEVELOPMENT_ASSET_PATHS = "\"IOSAssignment5/Preview Content\"";
				DEVELOPMENT_TEAM = 5ML8R56F8J;
				ENABLE_PREVIEWS = YES;
				GENERATE_INFOPLIST_FILE = YES;
				INFOPLIST_KEY_UIApplicationSceneManifest_Generation = YES;
				INFOPLIST_KEY_UIApplicationSupportsIndirectInputEvents = YES;
				INFOPLIST_KEY_UILaunchScreen_Generation = YES;
				INFOPLIST_KEY_UISupportedInterfaceOrientations_iPad = "UIInterfaceOrientationPortrait UIInterfaceOrientationPortraitUpsideDown UIInterfaceOrientationLandscapeLeft UIInterfaceOrientationLandscapeRight";
				INFOPLIST_KEY_UISupportedInterfaceOrientations_iPhone = "UIInterfaceOrientationPortrait UIInterfaceOrientationLandscapeLeft UIInterfaceOrientationLandscapeRight";
				LD_RUNPATH_SEARCH_PATHS = (
					"$(inherited)",
					"@executable_path/Frameworks",
				);
				MARKETING_VERSION = 1.0;
				PRODUCT_BUNDLE_IDENTIFIER = master.IOSAssignment5;
				PRODUCT_NAME = "$(TARGET_NAME)";
				SWIFT_EMIT_LOC_STRINGS = YES;
				SWIFT_VERSION = 5.0;
				TARGETED_DEVICE_FAMILY = "1,2";
			};
			name = Release;
		};
		B47EE0612A5B25F7000096DB /* Debug */ = {
			isa = XCBuildConfiguration;
			buildSettings = {
				ALWAYS_EMBED_SWIFT_STANDARD_LIBRARIES = YES;
				BUNDLE_LOADER = "$(TEST_HOST)";
				CODE_SIGN_STYLE = Automatic;
				CURRENT_PROJECT_VERSION = 1;
				DEVELOPMENT_TEAM = 5ML8R56F8J;
				GENERATE_INFOPLIST_FILE = YES;
				IPHONEOS_DEPLOYMENT_TARGET = 16.2;
				MARKETING_VERSION = 1.0;
				PRODUCT_BUNDLE_IDENTIFIER = master.IOSAssignment5Tests;
				PRODUCT_NAME = "$(TARGET_NAME)";
				SWIFT_EMIT_LOC_STRINGS = NO;
				SWIFT_VERSION = 5.0;
				TARGETED_DEVICE_FAMILY = "1,2";
				TEST_HOST = "$(BUILT_PRODUCTS_DIR)/IOSAssignment5.app/$(BUNDLE_EXECUTABLE_FOLDER_PATH)/IOSAssignment5";
			};
			name = Debug;
		};
		B47EE0622A5B25F7000096DB /* Release */ = {
			isa = XCBuildConfiguration;
			buildSettings = {
				ALWAYS_EMBED_SWIFT_STANDARD_LIBRARIES = YES;
				BUNDLE_LOADER = "$(TEST_HOST)";
				CODE_SIGN_STYLE = Automatic;
				CURRENT_PROJECT_VERSION = 1;
				DEVELOPMENT_TEAM = 5ML8R56F8J;
				GENERATE_INFOPLIST_FILE = YES;
				IPHONEOS_DEPLOYMENT_TARGET = 16.2;
				MARKETING_VERSION = 1.0;
				PRODUCT_BUNDLE_IDENTIFIER = master.IOSAssignment5Tests;
				PRODUCT_NAME = "$(TARGET_NAME)";
				SWIFT_EMIT_LOC_STRINGS = NO;
				SWIFT_VERSION = 5.0;
				TARGETED_DEVICE_FAMILY = "1,2";
				TEST_HOST = "$(BUILT_PRODUCTS_DIR)/IOSAssignment5.app/$(BUNDLE_EXECUTABLE_FOLDER_PATH)/IOSAssignment5";
			};
			name = Release;
		};
		B47EE0642A5B25F7000096DB /* Debug */ = {
			isa = XCBuildConfiguration;
			buildSettings = {
				ALWAYS_EMBED_SWIFT_STANDARD_LIBRARIES = YES;
				CODE_SIGN_STYLE = Automatic;
				CURRENT_PROJECT_VERSION = 1;
				DEVELOPMENT_TEAM = 5ML8R56F8J;
				GENERATE_INFOPLIST_FILE = YES;
				MARKETING_VERSION = 1.0;
				PRODUCT_BUNDLE_IDENTIFIER = master.IOSAssignment5UITests;
				PRODUCT_NAME = "$(TARGET_NAME)";
				SWIFT_EMIT_LOC_STRINGS = NO;
				SWIFT_VERSION = 5.0;
				TARGETED_DEVICE_FAMILY = "1,2";
				TEST_TARGET_NAME = IOSAssignment5;
			};
			name = Debug;
		};
		B47EE0652A5B25F7000096DB /* Release */ = {
			isa = XCBuildConfiguration;
			buildSettings = {
				ALWAYS_EMBED_SWIFT_STANDARD_LIBRARIES = YES;
				CODE_SIGN_STYLE = Automatic;
				CURRENT_PROJECT_VERSION = 1;
				DEVELOPMENT_TEAM = 5ML8R56F8J;
				GENERATE_INFOPLIST_FILE = YES;
				MARKETING_VERSION = 1.0;
				PRODUCT_BUNDLE_IDENTIFIER = master.IOSAssignment5UITests;
				PRODUCT_NAME = "$(TARGET_NAME)";
				SWIFT_EMIT_LOC_STRINGS = NO;
				SWIFT_VERSION = 5.0;
				TARGETED_DEVICE_FAMILY = "1,2";
				TEST_TARGET_NAME = IOSAssignment5;
			};
			name = Release;
		};
/* End XCBuildConfiguration section */

/* Begin XCConfigurationList section */
		B47EE0342A5B25F7000096DB /* Build configuration list for PBXProject "IOSAssignment5" */ = {
			isa = XCConfigurationList;
			buildConfigurations = (
				B47EE05B2A5B25F7000096DB /* Debug */,
				B47EE05C2A5B25F7000096DB /* Release */,
			);
			defaultConfigurationIsVisible = 0;
			defaultConfigurationName = Release;
		};
		B47EE05D2A5B25F7000096DB /* Build configuration list for PBXNativeTarget "IOSAssignment5" */ = {
			isa = XCConfigurationList;
			buildConfigurations = (
				B47EE05E2A5B25F7000096DB /* Debug */,
				B47EE05F2A5B25F7000096DB /* Release */,
			);
			defaultConfigurationIsVisible = 0;
			defaultConfigurationName = Release;
		};
		B47EE0602A5B25F7000096DB /* Build configuration list for PBXNativeTarget "IOSAssignment5Tests" */ = {
			isa = XCConfigurationList;
			buildConfigurations = (
				B47EE0612A5B25F7000096DB /* Debug */,
				B47EE0622A5B25F7000096DB /* Release */,
			);
			defaultConfigurationIsVisible = 0;
			defaultConfigurationName = Release;
		};
		B47EE0632A5B25F7000096DB /* Build configuration list for PBXNativeTarget "IOSAssignment5UITests" */ = {
			isa = XCConfigurationList;
			buildConfigurations = (
				B47EE0642A5B25F7000096DB /* Debug */,
				B47EE0652A5B25F7000096DB /* Release */,
			);
			defaultConfigurationIsVisible = 0;
			defaultConfigurationName = Release;
		};
/* End XCConfigurationList section */
	};
	rootObject = B47EE0312A5B25F7000096DB /* Project object */;
}
